
Microsoft Visual Studio Solution File, Format Version 12.00
# Visual Studio Version 17
VisualStudioVersion = 17.7.34009.444
MinimumVisualStudioVersion = 10.0.40219.1
Project("{8BC9CEB8-8B4A-11D0-8D11-00A0C91BC942}") = "cpp-websocket-minimal-demo", "cpp-websocket-minimal-demo\cpp-websocket-minimal-demo.vcxproj", "{45244DCB-B775-4C61-9827-950AA86DFCC1}"
EndProject
Global
	GlobalSection(SolutionConfigurationPlatforms) = preSolution
		Debug|x64 = Debug|x64
		Debug|x86 = Debug|x86
		Release|x64 = Release|x64
		Release|x86 = Release|x86
	EndGlobalSection
	GlobalSection(ProjectConfigurationPlatforms) = postSolution
		{45244DCB-B775-4C61-9827-950AA86DFCC1}.Debug|x64.ActiveCfg = Debug|x64
		{45244DCB-B775-4C61-9827-950AA86DFCC1}.Debug|x64.Build.0 = Debug|x64
		{45244DCB-B775-4C61-9827-950AA86DFCC1}.Debug|x86.ActiveCfg = Debug|Win32
		{45244DCB-B775-4C61-9827-950AA86DFCC1}.Debug|x86.Build.0 = Debug|Win32
		{45244DCB-B775-4C61-9827-950AA86DFCC1}.Release|x64.ActiveCfg = Release|x64
		{45244DCB-B775-4C61-9827-950AA86DFCC1}.Release|x64.Build.0 = Release|x64
		{45244DCB-B775-4C61-9827-950AA86DFCC1}.Release|x86.ActiveCfg = Release|Win32
		{45244DCB-B775-4C61-9827-950AA86DFCC1}.Release|x86.Build.0 = Release|Win32
	EndGlobalSection
	GlobalSection(SolutionProperties) = preSolution
		HideSolutionNode = FALSE
	EndGlobalSection
	GlobalSection(ExtensibilityGlobals) = postSolution
		SolutionGuid = {CE7BBA17-A0A9-45E8-988D-B8B97E92935D}
	EndGlobalSection
EndGlobal
